<?xml version="1.0" encoding="utf-8"?>
<Project ToolsVersion="4.0" xmlns="http://schemas.microsoft.com/developer/msbuild/2003">
  <ItemGroup>
    <ClCompile Include="breakpointcollection.cc">
      <Filter>Source Files</Filter>
    </ClCompile>
    <ClCompile Include="consoledebugger.cc">
      <Filter>Source Files</Filter>
    </ClCompile>
    <ClCompile Include="custombinaryreader.cc">
      <Filter>Source Files</Filter>
    </ClCompile>
    <ClCompile Include="dbgarray.cc">
      <Filter>Source Files</Filter>
    </ClCompile>
    <ClCompile Include="dbgbreakpoint.cc">
      <Filter>Source Files</Filter>
    </ClCompile>
    <ClCompile Include="dbgclass.cc">
      <Filter>Source Files</Filter>
    </ClCompile>
    <ClCompile Include="dbgclassfield.cc">
      <Filter>Source Files</Filter>
    </ClCompile>
    <ClCompile Include="dbgclassproperty.cc">
      <Filter>Source Files</Filter>
    </ClCompile>
    <ClCompile Include="dbgobject.cc">
      <Filter>Source Files</Filter>
    </ClCompile>
    <ClCompile Include="dbgstring.cc">
      <Filter>Source Files</Filter>
    </ClCompile>
    <ClCompile Include="debugger.cc">
      <Filter>Source Files</Filter>
    </ClCompile>
    <ClCompile Include="debuggercallback.cc">
      <Filter>Source Files</Filter>
    </ClCompile>
    <ClCompile Include="documentindex.cc">
      <Filter>Source Files</Filter>
    </ClCompile>
    <ClCompile Include="evalcoordinator.cc">
      <Filter>Source Files</Filter>
    </ClCompile>
    <ClCompile Include="metadataheaders.cc">
      <Filter>Source Files</Filter>
    </ClCompile>
    <ClCompile Include="metadatatables.cc">
      <Filter>Source Files</Filter>
    </ClCompile>
    <ClCompile Include="portablepdbfile.cc">
      <Filter>Source Files</Filter>
    </ClCompile>
    <ClCompile Include="variablemanager.cc">
      <Filter>Source Files</Filter>
    </ClCompile>
    <ClCompile Include="breakpoint_client.cc">
      <Filter>Source Files</Filter>
    </ClCompile>
    <ClCompile Include="named_pipe_client_unix.cc">
      <Filter>Source Files</Filter>
    </ClCompile>
    <ClCompile Include="named_pipe_client_windows.cc">
      <Filter>Source Files</Filter>
    </ClCompile>
    <ClCompile Include="breakpoint.pb.cc">
      <Filter>Source Files</Filter>
    </ClCompile>
  </ItemGroup>
  <ItemGroup>
    <ClInclude Include="breakpointcollection.h">
      <Filter>Header Files</Filter>
    </ClInclude>
    <ClInclude Include="ccomptr.h">
      <Filter>Header Files</Filter>
    </ClInclude>
    <ClInclude Include="custombinaryreader.h">
      <Filter>Header Files</Filter>
    </ClInclude>
    <ClInclude Include="dbgarray.h">
      <Filter>Header Files</Filter>
    </ClInclude>
    <ClInclude Include="dbgbreakpoint.h">
      <Filter>Header Files</Filter>
    </ClInclude>
    <ClInclude Include="dbgclass.h">
      <Filter>Header Files</Filter>
    </ClInclude>
    <ClInclude Include="dbgclassfield.h">
      <Filter>Header Files</Filter>
    </ClInclude>
    <ClInclude Include="dbgclassproperty.h">
      <Filter>Header Files</Filter>
    </ClInclude>
    <ClInclude Include="dbgprimitive.h">
      <Filter>Header Files</Filter>
    </ClInclude>
    <ClInclude Include="dbgobject.h">
      <Filter>Header Files</Filter>
    </ClInclude>
    <ClInclude Include="dbgstring.h">
      <Filter>Header Files</Filter>
    </ClInclude>
    <ClInclude Include="debugger.h">
      <Filter>Header Files</Filter>
    </ClInclude>
    <ClInclude Include="debuggercallback.h">
      <Filter>Header Files</Filter>
    </ClInclude>
    <ClInclude Include="documentindex.h">
      <Filter>Header Files</Filter>
    </ClInclude>
    <ClInclude Include="evalcoordinator.h">
      <Filter>Header Files</Filter>
    </ClInclude>
    <ClInclude Include="metadataheaders.h">
      <Filter>Header Files</Filter>
    </ClInclude>
    <ClInclude Include="metadatatables.h">
      <Filter>Header Files</Filter>
    </ClInclude>
    <ClInclude Include="portablepdbfile.h">
      <Filter>Header Files</Filter>
    </ClInclude>
    <ClInclude Include="stringstreamwrapper.h">
      <Filter>Header Files</Filter>
    </ClInclude>
    <ClInclude Include="variablemanager.h">
      <Filter>Header Files</Filter>
    </ClInclude>
    <ClInclude Include="breakpoint_client.h">
      <Filter>Header Files</Filter>
    </ClInclude>
    <ClInclude Include="named_pipe_client_unix.h">
      <Filter>Header Files</Filter>
    </ClInclude>
    <ClInclude Include="named_pipe_client_windows.h">
      <Filter>Header Files</Filter>
    </ClInclude>
    <ClInclude Include="i_named_pipe.h">
      <Filter>Header Files</Filter>
    </ClInclude>
    <ClInclude Include="constants.h">
      <Filter>Header Files</Filter>
    </ClInclude>
    <ClInclude Include="named_pipe_client.h">
      <Filter>Header Files</Filter>
    </ClInclude>
    <ClInclude Include="breakpoint.pb.h">
      <Filter>Header Files</Filter>
    </ClInclude>
  </ItemGroup>
  <ItemGroup>
    <Text Include="ReadMe.txt" />
  </ItemGroup>
  <ItemGroup>
    <Filter Include="Header Files">
      <UniqueIdentifier>{0c11e057-149e-4eb3-a1bd-f721b704e6a5}</UniqueIdentifier>
    </Filter>
    <Filter Include="Source Files">
      <UniqueIdentifier>{72a3061a-e4d4-4422-915b-d46253bbd35c}</UniqueIdentifier>
    </Filter>
    <Filter Include="Protos">
      <UniqueIdentifier>{e32946a0-d701-4759-90d2-18fd78d30c59}</UniqueIdentifier>
    </Filter>
  </ItemGroup>
  <ItemGroup>
    <None Include="proto\breakpoint.proto">
      <Filter>Protos</Filter>
    </None>
  </ItemGroup>
</Project>