
Microsoft Visual Studio Solution File, Format Version 12.00
# Visual Studio 15
VisualStudioVersion = 15.0.26730.16
MinimumVisualStudioVersion = 10.0.40219.1
Project("{8BC9CEB8-8B4A-11D0-8D11-00A0C91BC942}") = "google_cloud_debugger_lib", "google_cloud_debugger_lib\google_cloud_debugger_lib.vcxproj", "{AC725B22-C773-45A3-9DDD-ACB5146BC8B1}"
EndProject
Project("{8BC9CEB8-8B4A-11D0-8D11-00A0C91BC942}") = "google_cloud_debugger", "google_cloud_debugger\google_cloud_debugger.vcxproj", "{8D041302-2293-460D-AF78-BF3AD897E213}"
	ProjectSection(ProjectDependencies) = postProject
		{AC725B22-C773-45A3-9DDD-ACB5146BC8B1} = {AC725B22-C773-45A3-9DDD-ACB5146BC8B1}
	EndProjectSection
EndProject
Project("{9A19103F-16F7-4668-BE54-9A1E7A4F7556}") = "Google.Cloud.Diagnostics.Debug", "Google.Cloud.Diagnostics.Debug\Google.Cloud.Diagnostics.Debug\Google.Cloud.Diagnostics.Debug.csproj", "{375C43F1-66AF-4F42-8D9F-16DBE708448D}"
EndProject
Project("{8BC9CEB8-8B4A-11D0-8D11-00A0C91BC942}") = "google_cloud_debugger_test", "google_cloud_debugger_test\google_cloud_debugger_test.vcxproj", "{3009483D-6930-4D0D-8066-4A9CC7510AE6}"
	ProjectSection(ProjectDependencies) = postProject
		{AC725B22-C773-45A3-9DDD-ACB5146BC8B1} = {AC725B22-C773-45A3-9DDD-ACB5146BC8B1}
	EndProjectSection
EndProject
Project("{9A19103F-16F7-4668-BE54-9A1E7A4F7556}") = "Google.Cloud.Diagnostics.Debug.Tests", "Google.Cloud.Diagnostics.Debug.Tests\Google.Cloud.Diagnostics.Debug.Tests.csproj", "{DE03D180-C511-4F7C-909F-FBC59BA55A1D}"
EndProject
Project("{9A19103F-16F7-4668-BE54-9A1E7A4F7556}") = "Google.Cloud.Diagnostics.Debug.IntegrationTests", "Google.Cloud.Diagnostics.Debug.IntegrationTests\Google.Cloud.Diagnostics.Debug.IntegrationTests.csproj", "{BA4C96DA-8906-4D0E-9599-41A772C0F572}"
EndProject
Project("{9A19103F-16F7-4668-BE54-9A1E7A4F7556}") = "Google.Cloud.Diagnostics.Debug.TestApp", "Google.Cloud.Diagnostics.Debug.TestApp\Google.Cloud.Diagnostics.Debug.TestApp.csproj", "{9809ADBA-2956-4FBA-A741-E76FF57D74FB}"
EndProject
Global
	GlobalSection(SolutionConfigurationPlatforms) = preSolution
		Debug|Any CPU = Debug|Any CPU
		Debug|x64 = Debug|x64
		Debug|x86 = Debug|x86
		Release|Any CPU = Release|Any CPU
		Release|x64 = Release|x64
		Release|x86 = Release|x86
	EndGlobalSection
	GlobalSection(ProjectConfigurationPlatforms) = postSolution
		{AC725B22-C773-45A3-9DDD-ACB5146BC8B1}.Debug|Any CPU.ActiveCfg = Debug|Win32
		{AC725B22-C773-45A3-9DDD-ACB5146BC8B1}.Debug|x64.ActiveCfg = Debug|x64
		{AC725B22-C773-45A3-9DDD-ACB5146BC8B1}.Debug|x64.Build.0 = Debug|x64
		{AC725B22-C773-45A3-9DDD-ACB5146BC8B1}.Debug|x86.ActiveCfg = Debug|Win32
		{AC725B22-C773-45A3-9DDD-ACB5146BC8B1}.Debug|x86.Build.0 = Debug|Win32
		{AC725B22-C773-45A3-9DDD-ACB5146BC8B1}.Release|Any CPU.ActiveCfg = Release|Win32
		{AC725B22-C773-45A3-9DDD-ACB5146BC8B1}.Release|x64.ActiveCfg = Release|x64
		{AC725B22-C773-45A3-9DDD-ACB5146BC8B1}.Release|x64.Build.0 = Release|x64
		{AC725B22-C773-45A3-9DDD-ACB5146BC8B1}.Release|x86.ActiveCfg = Release|Win32
		{AC725B22-C773-45A3-9DDD-ACB5146BC8B1}.Release|x86.Build.0 = Release|Win32
		{8D041302-2293-460D-AF78-BF3AD897E213}.Debug|Any CPU.ActiveCfg = Debug|Win32
		{8D041302-2293-460D-AF78-BF3AD897E213}.Debug|x64.ActiveCfg = Debug|x64
		{8D041302-2293-460D-AF78-BF3AD897E213}.Debug|x64.Build.0 = Debug|x64
		{8D041302-2293-460D-AF78-BF3AD897E213}.Debug|x86.ActiveCfg = Debug|Win32
		{8D041302-2293-460D-AF78-BF3AD897E213}.Debug|x86.Build.0 = Debug|Win32
		{8D041302-2293-460D-AF78-BF3AD897E213}.Release|Any CPU.ActiveCfg = Release|Win32
		{8D041302-2293-460D-AF78-BF3AD897E213}.Release|x64.ActiveCfg = Release|x64
		{8D041302-2293-460D-AF78-BF3AD897E213}.Release|x64.Build.0 = Release|x64
		{8D041302-2293-460D-AF78-BF3AD897E213}.Release|x86.ActiveCfg = Release|Win32
		{8D041302-2293-460D-AF78-BF3AD897E213}.Release|x86.Build.0 = Release|Win32
		{375C43F1-66AF-4F42-8D9F-16DBE708448D}.Debug|Any CPU.ActiveCfg = Debug|Any CPU
		{375C43F1-66AF-4F42-8D9F-16DBE708448D}.Debug|Any CPU.Build.0 = Debug|Any CPU
		{375C43F1-66AF-4F42-8D9F-16DBE708448D}.Debug|x64.ActiveCfg = Debug|Any CPU
		{375C43F1-66AF-4F42-8D9F-16DBE708448D}.Debug|x64.Build.0 = Debug|Any CPU
		{375C43F1-66AF-4F42-8D9F-16DBE708448D}.Debug|x86.ActiveCfg = Debug|Any CPU
		{375C43F1-66AF-4F42-8D9F-16DBE708448D}.Debug|x86.Build.0 = Debug|Any CPU
		{375C43F1-66AF-4F42-8D9F-16DBE708448D}.Release|Any CPU.ActiveCfg = Release|Any CPU
		{375C43F1-66AF-4F42-8D9F-16DBE708448D}.Release|Any CPU.Build.0 = Release|Any CPU
		{375C43F1-66AF-4F42-8D9F-16DBE708448D}.Release|x64.ActiveCfg = Release|Any CPU
		{375C43F1-66AF-4F42-8D9F-16DBE708448D}.Release|x64.Build.0 = Release|Any CPU
		{375C43F1-66AF-4F42-8D9F-16DBE708448D}.Release|x86.ActiveCfg = Release|Any CPU
		{375C43F1-66AF-4F42-8D9F-16DBE708448D}.Release|x86.Build.0 = Release|Any CPU
		{3009483D-6930-4D0D-8066-4A9CC7510AE6}.Debug|Any CPU.ActiveCfg = Debug|Win32
		{3009483D-6930-4D0D-8066-4A9CC7510AE6}.Debug|x64.ActiveCfg = Debug|x64
		{3009483D-6930-4D0D-8066-4A9CC7510AE6}.Debug|x64.Build.0 = Debug|x64
		{3009483D-6930-4D0D-8066-4A9CC7510AE6}.Debug|x86.ActiveCfg = Debug|Win32
		{3009483D-6930-4D0D-8066-4A9CC7510AE6}.Debug|x86.Build.0 = Debug|Win32
		{3009483D-6930-4D0D-8066-4A9CC7510AE6}.Release|Any CPU.ActiveCfg = Release|Win32
		{3009483D-6930-4D0D-8066-4A9CC7510AE6}.Release|x64.ActiveCfg = Release|x64
		{3009483D-6930-4D0D-8066-4A9CC7510AE6}.Release|x64.Build.0 = Release|x64
		{3009483D-6930-4D0D-8066-4A9CC7510AE6}.Release|x86.ActiveCfg = Release|Win32
		{3009483D-6930-4D0D-8066-4A9CC7510AE6}.Release|x86.Build.0 = Release|Win32
		{DE03D180-C511-4F7C-909F-FBC59BA55A1D}.Debug|Any CPU.ActiveCfg = Debug|Any CPU
		{DE03D180-C511-4F7C-909F-FBC59BA55A1D}.Debug|Any CPU.Build.0 = Debug|Any CPU
		{DE03D180-C511-4F7C-909F-FBC59BA55A1D}.Debug|x64.ActiveCfg = Debug|Any CPU
		{DE03D180-C511-4F7C-909F-FBC59BA55A1D}.Debug|x64.Build.0 = Debug|Any CPU
		{DE03D180-C511-4F7C-909F-FBC59BA55A1D}.Debug|x86.ActiveCfg = Debug|Any CPU
		{DE03D180-C511-4F7C-909F-FBC59BA55A1D}.Debug|x86.Build.0 = Debug|Any CPU
		{DE03D180-C511-4F7C-909F-FBC59BA55A1D}.Release|Any CPU.ActiveCfg = Release|Any CPU
		{DE03D180-C511-4F7C-909F-FBC59BA55A1D}.Release|Any CPU.Build.0 = Release|Any CPU
		{DE03D180-C511-4F7C-909F-FBC59BA55A1D}.Release|x64.ActiveCfg = Release|Any CPU
		{DE03D180-C511-4F7C-909F-FBC59BA55A1D}.Release|x64.Build.0 = Release|Any CPU
		{DE03D180-C511-4F7C-909F-FBC59BA55A1D}.Release|x86.ActiveCfg = Release|Any CPU
		{DE03D180-C511-4F7C-909F-FBC59BA55A1D}.Release|x86.Build.0 = Release|Any CPU
		{BA4C96DA-8906-4D0E-9599-41A772C0F572}.Debug|Any CPU.ActiveCfg = Debug|Any CPU
		{BA4C96DA-8906-4D0E-9599-41A772C0F572}.Debug|Any CPU.Build.0 = Debug|Any CPU
		{BA4C96DA-8906-4D0E-9599-41A772C0F572}.Debug|x64.ActiveCfg = Debug|Any CPU
		{BA4C96DA-8906-4D0E-9599-41A772C0F572}.Debug|x64.Build.0 = Debug|Any CPU
		{BA4C96DA-8906-4D0E-9599-41A772C0F572}.Debug|x86.ActiveCfg = Debug|Any CPU
		{BA4C96DA-8906-4D0E-9599-41A772C0F572}.Debug|x86.Build.0 = Debug|Any CPU
		{BA4C96DA-8906-4D0E-9599-41A772C0F572}.Release|Any CPU.ActiveCfg = Release|Any CPU
		{BA4C96DA-8906-4D0E-9599-41A772C0F572}.Release|Any CPU.Build.0 = Release|Any CPU
		{BA4C96DA-8906-4D0E-9599-41A772C0F572}.Release|x64.ActiveCfg = Release|Any CPU
		{BA4C96DA-8906-4D0E-9599-41A772C0F572}.Release|x64.Build.0 = Release|Any CPU
		{BA4C96DA-8906-4D0E-9599-41A772C0F572}.Release|x86.ActiveCfg = Release|Any CPU
		{BA4C96DA-8906-4D0E-9599-41A772C0F572}.Release|x86.Build.0 = Release|Any CPU
		{9809ADBA-2956-4FBA-A741-E76FF57D74FB}.Debug|Any CPU.ActiveCfg = Debug|Any CPU
		{9809ADBA-2956-4FBA-A741-E76FF57D74FB}.Debug|Any CPU.Build.0 = Debug|Any CPU
		{9809ADBA-2956-4FBA-A741-E76FF57D74FB}.Debug|x64.ActiveCfg = Debug|Any CPU
		{9809ADBA-2956-4FBA-A741-E76FF57D74FB}.Debug|x64.Build.0 = Debug|Any CPU
		{9809ADBA-2956-4FBA-A741-E76FF57D74FB}.Debug|x86.ActiveCfg = Debug|Any CPU
		{9809ADBA-2956-4FBA-A741-E76FF57D74FB}.Debug|x86.Build.0 = Debug|Any CPU
		{9809ADBA-2956-4FBA-A741-E76FF57D74FB}.Release|Any CPU.ActiveCfg = Release|Any CPU
		{9809ADBA-2956-4FBA-A741-E76FF57D74FB}.Release|Any CPU.Build.0 = Release|Any CPU
		{9809ADBA-2956-4FBA-A741-E76FF57D74FB}.Release|x64.ActiveCfg = Release|Any CPU
		{9809ADBA-2956-4FBA-A741-E76FF57D74FB}.Release|x64.Build.0 = Release|Any CPU
		{9809ADBA-2956-4FBA-A741-E76FF57D74FB}.Release|x86.ActiveCfg = Release|Any CPU
		{9809ADBA-2956-4FBA-A741-E76FF57D74FB}.Release|x86.Build.0 = Release|Any CPU
	EndGlobalSection
	GlobalSection(SolutionProperties) = preSolution
		HideSolutionNode = FALSE
	EndGlobalSection
	GlobalSection(ExtensibilityGlobals) = postSolution
		SolutionGuid = {53430932-523E-4A6D-9FBA-5358A019598B}
	EndGlobalSection
EndGlobal
