<?xml version="1.0" encoding="utf-8"?>
<Project ToolsVersion="4.0" xmlns="http://schemas.microsoft.com/developer/msbuild/2003">
  <ItemGroup>
    <Filter Include="Source Files">
      <UniqueIdentifier>{4FC737F1-C7A5-4376-A066-2A32D752A2FF}</UniqueIdentifier>
      <Extensions>cpp;c;cc;cxx;def;odl;idl;hpj;bat;asm;asmx</Extensions>
    </Filter>
    <Filter Include="Header Files">
      <UniqueIdentifier>{93995380-89BD-4b04-88EB-625FBE52EBFB}</UniqueIdentifier>
      <Extensions>h;hh;hpp;hxx;hm;inl;inc;xsd</Extensions>
    </Filter>
    <Filter Include="Resource Files">
      <UniqueIdentifier>{67DA6AB6-F800-4c08-8B7A-83BB121AAD01}</UniqueIdentifier>
      <Extensions>rc;ico;cur;bmp;dlg;rc2;rct;bin;rgs;gif;jpg;jpeg;jpe;resx;tiff;tif;png;wav;mfcribbon-ms</Extensions>
    </Filter>
  </ItemGroup>
  <ItemGroup>
    <ClCompile Include="unit_test_main.cc">
      <Filter>Source Files</Filter>
    </ClCompile>
    <ClCompile Include="custom_binary_stream_test.cc">
      <Filter>Source Files</Filter>
    </ClCompile>
    <ClCompile Include="breakpoint_client_test.cc">
      <Filter>Source Files</Filter>
    </ClCompile>
    <ClCompile Include="common_action_mocks.cc">
      <Filter>Source Files</Filter>
    </ClCompile>
    <ClCompile Include="i_cor_debug_mocks.h">
      <Filter>Header Files</Filter>
    </ClCompile>
    <ClCompile Include="dbg_breakpoint_test.cc">
      <Filter>Source Files</Filter>
    </ClCompile>
    <ClCompile Include="dbg_array_test.cc">
      <Filter>Source Files</Filter>
    </ClCompile>
    <ClCompile Include="dbg_class_test.cc">
      <Filter>Source Files</Filter>
    </ClCompile>
    <ClCompile Include="dbg_class_field_test.cc">
      <Filter>Source Files</Filter>
    </ClCompile>
    <ClCompile Include="dbg_class_property_test.cc">
      <Filter>Source Files</Filter>
    </ClCompile>
    <ClCompile Include="dbg_primitive_test.cc">
      <Filter>Source Files</Filter>
    </ClCompile>
    <ClCompile Include="dbg_stack_frame_test.cc">
      <Filter>Source Files</Filter>
    </ClCompile>
    <ClCompile Include="dbg_string_test.cc">
      <Filter>Source Files</Filter>
    </ClCompile>
    <ClCompile Include="debugger_callback_test.cc">
      <Filter>Source Files</Filter>
    </ClCompile>
    <ClCompile Include="i_portable_pdb_mocks.cc">
      <Filter>Source Files</Filter>
    </ClCompile>
    <ClCompile Include="stack_frame_collection_test.cc">
      <Filter>Source Files</Filter>
    </ClCompile>
    <ClCompile Include="eval_coordinator_test.cc">
      <Filter>Source Files</Filter>
    </ClCompile>
    <ClCompile Include="variable_wrapper_test.cc">
      <Filter>Source Files</Filter>
    </ClCompile>
    <ClCompile Include="i_cor_debug_helper_test.cc">
      <Filter>Source Files</Filter>
    </ClCompile>
  </ItemGroup>
  <ItemGroup>
    <ClInclude Include="common_action_mocks.h">
      <Filter>Header Files</Filter>
    </ClInclude>
    <ClInclude Include="i_named_pipe_mock.h">
      <Filter>Header Files</Filter>
    </ClInclude>
    <ClInclude Include="i_portable_pdb_mocks.h">
      <Filter>Header Files</Filter>
    </ClInclude>
    <ClInclude Include="i_stack_frame_collection_mock.h">
      <Filter>Header Files</Filter>
    </ClInclude>
    <ClInclude Include="i_eval_coordinator_mock.h">
      <Filter>Header Files</Filter>
    </ClInclude>
    <ClInclude Include="i_metadata_import_mock.h">
      <Filter>Header Files</Filter>
    </ClInclude>
    <ClInclude Include="i_breakpoint_collection_mock.h">
      <Filter>Header Files</Filter>
    </ClInclude>
  </ItemGroup>
  <ItemGroup>
    <None Include="makefile" />
  </ItemGroup>
</Project>